
Microsoft Visual Studio Solution File, Format Version 12.00
# Visual Studio Version 16
VisualStudioVersion = 16.0.31112.23
MinimumVisualStudioVersion = 10.0.40219.1
Project("{FAE04EC0-301F-11D3-BF4B-00C04F79EFBC}") = "16ProjeForm", "16ProjeForm\16ProjeForm.csproj", "{6F6AD8DB-0E6F-481A-BFE1-9574E5DFAD8E}"
EndProject
Global
	GlobalSection(SolutionConfigurationPlatforms) = preSolution
		Debug|Any CPU = Debug|Any CPU
		Release|Any CPU = Release|Any CPU
	EndGlobalSection
	GlobalSection(ProjectConfigurationPlatforms) = postSolution
		{6F6AD8DB-0E6F-481A-BFE1-9574E5DFAD8E}.Debug|Any CPU.ActiveCfg = Debug|Any CPU
		{6F6AD8DB-0E6F-481A-BFE1-9574E5DFAD8E}.Debug|Any CPU.Build.0 = Debug|Any CPU
		{6F6AD8DB-0E6F-481A-BFE1-9574E5DFAD8E}.Release|Any CPU.ActiveCfg = Release|Any CPU
		{6F6AD8DB-0E6F-481A-BFE1-9574E5DFAD8E}.Release|Any CPU.Build.0 = Release|Any CPU
	EndGlobalSection
	GlobalSection(SolutionProperties) = preSolution
		HideSolutionNode = FALSE
	EndGlobalSection
	GlobalSection(ExtensibilityGlobals) = postSolution
		SolutionGuid = {4CEF031A-1326-4A6B-AF62-02580BF594D1}
	EndGlobalSection
EndGlobal
